
Microsoft Visual Studio Solution File, Format Version 12.00
# Visual Studio 15
VisualStudioVersion = 15.0.26430.12
MinimumVisualStudioVersion = 10.0.40219.1
Project("{F2A71F9B-5D33-465A-A702-920D77279786}") = "SingingFinder.Core", "src\SingingFinder.Core\SingingFinder.Core.fsproj", "{BBC0E31E-1A3E-4822-AEAA-D10632A3B6AD}"
EndProject
Project("{F2A71F9B-5D33-465A-A702-920D77279786}") = "SingingFinder.Core.Tests", "tests\SingingFinder.Core.Tests\SingingFinder.Core.Tests.fsproj", "{CCF0BB5E-7171-46D0-BA37-BAA327C09CB0}"
EndProject
Project("{9A19103F-16F7-4668-BE54-9A1E7A4F7556}") = "SingingFinder.Web", "src\SingingFinder.Web\SingingFinder.Web.csproj", "{DD40C3D9-9F11-4E4D-8B16-3824790F422C}"
EndProject
Global
	GlobalSection(SolutionConfigurationPlatforms) = preSolution
		Debug|Any CPU = Debug|Any CPU
		Release|Any CPU = Release|Any CPU
	EndGlobalSection
	GlobalSection(ProjectConfigurationPlatforms) = postSolution
		{BBC0E31E-1A3E-4822-AEAA-D10632A3B6AD}.Debug|Any CPU.ActiveCfg = Debug|Any CPU
		{BBC0E31E-1A3E-4822-AEAA-D10632A3B6AD}.Debug|Any CPU.Build.0 = Debug|Any CPU
		{BBC0E31E-1A3E-4822-AEAA-D10632A3B6AD}.Release|Any CPU.ActiveCfg = Release|Any CPU
		{BBC0E31E-1A3E-4822-AEAA-D10632A3B6AD}.Release|Any CPU.Build.0 = Release|Any CPU
		{CCF0BB5E-7171-46D0-BA37-BAA327C09CB0}.Debug|Any CPU.ActiveCfg = Debug|Any CPU
		{CCF0BB5E-7171-46D0-BA37-BAA327C09CB0}.Debug|Any CPU.Build.0 = Debug|Any CPU
		{CCF0BB5E-7171-46D0-BA37-BAA327C09CB0}.Release|Any CPU.ActiveCfg = Release|Any CPU
		{CCF0BB5E-7171-46D0-BA37-BAA327C09CB0}.Release|Any CPU.Build.0 = Release|Any CPU
		{DD40C3D9-9F11-4E4D-8B16-3824790F422C}.Debug|Any CPU.ActiveCfg = Debug|Any CPU
		{DD40C3D9-9F11-4E4D-8B16-3824790F422C}.Debug|Any CPU.Build.0 = Debug|Any CPU
		{DD40C3D9-9F11-4E4D-8B16-3824790F422C}.Release|Any CPU.ActiveCfg = Release|Any CPU
		{DD40C3D9-9F11-4E4D-8B16-3824790F422C}.Release|Any CPU.Build.0 = Release|Any CPU
	EndGlobalSection
	GlobalSection(SolutionProperties) = preSolution
		HideSolutionNode = FALSE
	EndGlobalSection
EndGlobal
